// !$*UTF8*$!
{
	archiveVersion = 1;
	classes = {
	};
	objectVersion = 46;
	objects = {

/* Begin PBXBuildFile section */
		3C13AD6A1DAB8A9300A57920 /* main.m in Sources */ = {isa = PBXBuildFile; fileRef = 3C13AD691DAB8A9300A57920 /* main.m */; };
		3C13AD6D1DAB8A9300A57920 /* AppDelegate.m in Sources */ = {isa = PBXBuildFile; fileRef = 3C13AD6C1DAB8A9300A57920 /* AppDelegate.m */; };
		3C13AD701DAB8A9300A57920 /* ViewController.m in Sources */ = {isa = PBXBuildFile; fileRef = 3C13AD6F1DAB8A9300A57920 /* ViewController.m */; };
		3C13AD731DAB8A9300A57920 /* Main.storyboard in Resources */ = {isa = PBXBuildFile; fileRef = 3C13AD711DAB8A9300A57920 /* Main.storyboard */; };
		3C13AD751DAB8A9300A57920 /* Assets.xcassets in Resources */ = {isa = PBXBuildFile; fileRef = 3C13AD741DAB8A9300A57920 /* Assets.xcassets */; };
		3C13AD781DAB8A9300A57920 /* LaunchScreen.storyboard in Resources */ = {isa = PBXBuildFile; fileRef = 3C13AD761DAB8A9300A57920 /* LaunchScreen.storyboard */; };
		3C13AD831DAB8A9300A57920 /* presentTests.m in Sources */ = {isa = PBXBuildFile; fileRef = 3C13AD821DAB8A9300A57920 /* presentTests.m */; };
		3C13AD8E1DAB8A9400A57920 /* presentUITests.m in Sources */ = {isa = PBXBuildFile; fileRef = 3C13AD8D1DAB8A9400A57920 /* presentUITests.m */; };
		3C13AD9D1DAB8B1900A57920 /* MyViewController.m in Sources */ = {isa = PBXBuildFile; fileRef = 3C13AD9C1DAB8B1900A57920 /* MyViewController.m */; };
/* End PBXBuildFile section */

/* Begin PBXContainerItemProxy section */
		3C13AD7F1DAB8A9300A57920 /* PBXContainerItemProxy */ = {
			isa = PBXContainerItemProxy;
			containerPortal = 3C13AD5D1DAB8A9200A57920 /* Project object */;
			proxyType = 1;
			remoteGlobalIDString = 3C13AD641DAB8A9300A57920;
			remoteInfo = present;
		};
		3C13AD8A1DAB8A9400A57920 /* PBXContainerItemProxy */ = {
			isa = PBXContainerItemProxy;
			containerPortal = 3C13AD5D1DAB8A9200A57920 /* Project object */;
			proxyType = 1;
			remoteGlobalIDString = 3C13AD641DAB8A9300A57920;
			remoteInfo = present;
		};
/* End PBXContainerItemProxy section */

/* Begin PBXFileReference section */
		3C13AD651DAB8A9300A57920 /* present.app */ = {isa = PBXFileReference; explicitFileType = wrapper.application; includeInIndex = 0; path = present.app; sourceTree = BUILT_PRODUCTS_DIR; };
		3C13AD691DAB8A9300A57920 /* main.m */ = {isa = PBXFileReference; lastKnownFileType = sourcecode.c.objc; path = main.m; sourceTree = "<group>"; };
		3C13AD6B1DAB8A9300A57920 /* AppDelegate.h */ = {isa = PBXFileReference; lastKnownFileType = sourcecode.c.h; path = AppDelegate.h; sourceTree = "<group>"; };
		3C13AD6C1DAB8A9300A57920 /* AppDelegate.m */ = {isa = PBXFileReference; lastKnownFileType = sourcecode.c.objc; path = AppDelegate.m; sourceTree = "<group>"; };
		3C13AD6E1DAB8A9300A57920 /* ViewController.h */ = {isa = PBXFileReference; lastKnownFileType = sourcecode.c.h; path = ViewController.h; sourceTree = "<group>"; };
		3C13AD6F1DAB8A9300A57920 /* ViewController.m */ = {isa = PBXFileReference; lastKnownFileType = sourcecode.c.objc; path = ViewController.m; sourceTree = "<group>"; };
		3C13AD721DAB8A9300A57920 /* Base */ = {isa = PBXFileReference; lastKnownFileType = file.storyboard; name = Base; path = Base.lproj/Main.storyboard; sourceTree = "<group>"; };
		3C13AD741DAB8A9300A57920 /* Assets.xcassets */ = {isa = PBXFileReference; lastKnownFileType = folder.assetcatalog; path = Assets.xcassets; sourceTree = "<group>"; };
		3C13AD771DAB8A9300A57920 /* Base */ = {isa = PBXFileReference; lastKnownFileType = file.storyboard; name = Base; path = Base.lproj/LaunchScreen.storyboard; sourceTree = "<group>"; };
		3C13AD791DAB8A9300A57920 /* Info.plist */ = {isa = PBXFileReference; lastKnownFileType = text.plist.xml; path = Info.plist; sourceTree = "<group>"; };
		3C13AD7E1DAB8A9300A57920 /* presentTests.xctest */ = {isa = PBXFileReference; explicitFileType = wrapper.cfbundle; includeInIndex = 0; path = presentTests.xctest; sourceTree = BUILT_PRODUCTS_DIR; };
		3C13AD821DAB8A9300A57920 /* presentTests.m */ = {isa = PBXFileReference; lastKnownFileType = sourcecode.c.objc; path = presentTests.m; sourceTree = "<group>"; };
		3C13AD841DAB8A9300A57920 /* Info.plist */ = {isa = PBXFileReference; lastKnownFileType = text.plist.xml; path = Info.plist; sourceTree = "<group>"; };
		3C13AD891DAB8A9400A57920 /* presentUITests.xctest */ = {isa = PBXFileReference; explicitFileType = wrapper.cfbundle; includeInIndex = 0; path = presentUITests.xctest; sourceTree = BUILT_PRODUCTS_DIR; };
		3C13AD8D1DAB8A9400A57920 /* presentUITests.m */ = {isa = PBXFileReference; lastKnownFileType = sourcecode.c.objc; path = presentUITests.m; sourceTree = "<group>"; };
		3C13AD8F1DAB8A9400A57920 /* Info.plist */ = {isa = PBXFileReference; lastKnownFileType = text.plist.xml; path = Info.plist; sourceTree = "<group>"; };
		3C13AD9B1DAB8B1900A57920 /* MyViewController.h */ = {isa = PBXFileReference; fileEncoding = 4; lastKnownFileType = sourcecode.c.h; path = MyViewController.h; sourceTree = "<group>"; };
		3C13AD9C1DAB8B1900A57920 /* MyViewController.m */ = {isa = PBXFileReference; fileEncoding = 4; lastKnownFileType = sourcecode.c.objc; path = MyViewController.m; sourceTree = "<group>"; };
/* End PBXFileReference section */

/* Begin PBXFrameworksBuildPhase section */
		3C13AD621DAB8A9300A57920 /* Frameworks */ = {
			isa = PBXFrameworksBuildPhase;
			buildActionMask = 2147483647;
			files = (
			);
			runOnlyForDeploymentPostprocessing = 0;
		};
		3C13AD7B1DAB8A9300A57920 /* Frameworks */ = {
			isa = PBXFrameworksBuildPhase;
			buildActionMask = 2147483647;
			files = (
			);
			runOnlyForDeploymentPostprocessing = 0;
		};
		3C13AD861DAB8A9400A57920 /* Frameworks */ = {
			isa = PBXFrameworksBuildPhase;
			buildActionMask = 2147483647;
			files = (
			);
			runOnlyForDeploymentPostprocessing = 0;
		};
/* End PBXFrameworksBuildPhase section */

/* Begin PBXGroup section */
		3C13AD5C1DAB8A9200A57920 = {
			isa = PBXGroup;
			children = (
				3C13AD671DAB8A9300A57920 /* present */,
				3C13AD811DAB8A9300A57920 /* presentTests */,
				3C13AD8C1DAB8A9400A57920 /* presentUITests */,
				3C13AD661DAB8A9300A57920 /* Products */,
			);
			sourceTree = "<group>";
		};
		3C13AD661DAB8A9300A57920 /* Products */ = {
			isa = PBXGroup;
			children = (
				3C13AD651DAB8A9300A57920 /* present.app */,
				3C13AD7E1DAB8A9300A57920 /* presentTests.xctest */,
				3C13AD891DAB8A9400A57920 /* presentUITests.xctest */,
			);
			name = Products;
			sourceTree = "<group>";
		};
		3C13AD671DAB8A9300A57920 /* present */ = {
			isa = PBXGroup;
			children = (
				3C13AD6B1DAB8A9300A57920 /* AppDelegate.h */,
				3C13AD6C1DAB8A9300A57920 /* AppDelegate.m */,
				3C13AD6E1DAB8A9300A57920 /* ViewController.h */,
				3C13AD6F1DAB8A9300A57920 /* ViewController.m */,
				3C13AD711DAB8A9300A57920 /* Main.storyboard */,
				3C13AD741DAB8A9300A57920 /* Assets.xcassets */,
				3C13AD761DAB8A9300A57920 /* LaunchScreen.storyboard */,
				3C13AD791DAB8A9300A57920 /* Info.plist */,
				3C13AD681DAB8A9300A57920 /* Supporting Files */,
				3C13AD9B1DAB8B1900A57920 /* MyViewController.h */,
				3C13AD9C1DAB8B1900A57920 /* MyViewController.m */,
			);
			path = present;
			sourceTree = "<group>";
		};
		3C13AD681DAB8A9300A57920 /* Supporting Files */ = {
			isa = PBXGroup;
			children = (
				3C13AD691DAB8A9300A57920 /* main.m */,
			);
			name = "Supporting Files";
			sourceTree = "<group>";
		};
		3C13AD811DAB8A9300A57920 /* presentTests */ = {
			isa = PBXGroup;
			children = (
				3C13AD821DAB8A9300A57920 /* presentTests.m */,
				3C13AD841DAB8A9300A57920 /* Info.plist */,
			);
			path = presentTests;
			sourceTree = "<group>";
		};
		3C13AD8C1DAB8A9400A57920 /* presentUITests */ = {
			isa = PBXGroup;
			children = (
				3C13AD8D1DAB8A9400A57920 /* presentUITests.m */,
				3C13AD8F1DAB8A9400A57920 /* Info.plist */,
			);
			path = presentUITests;
			sourceTree = "<group>";
		};
/* End PBXGroup section */

/* Begin PBXNativeTarget section */
		3C13AD641DAB8A9300A57920 /* present */ = {
			isa = PBXNativeTarget;
			buildConfigurationList = 3C13AD921DAB8A9400A57920 /* Build configuration list for PBXNativeTarget "present" */;
			buildPhases = (
				3C13AD611DAB8A9300A57920 /* Sources */,
				3C13AD621DAB8A9300A57920 /* Frameworks */,
				3C13AD631DAB8A9300A57920 /* Resources */,
			);
			buildRules = (
			);
			dependencies = (
			);
			name = present;
			productName = present;
			productReference = 3C13AD651DAB8A9300A57920 /* present.app */;
			productType = "com.apple.product-type.application";
		};
		3C13AD7D1DAB8A9300A57920 /* presentTests */ = {
			isa = PBXNativeTarget;
			buildConfigurationList = 3C13AD951DAB8A9400A57920 /* Build configuration list for PBXNativeTarget "presentTests" */;
			buildPhases = (
				3C13AD7A1DAB8A9300A57920 /* Sources */,
				3C13AD7B1DAB8A9300A57920 /* Frameworks */,
				3C13AD7C1DAB8A9300A57920 /* Resources */,
			);
			buildRules = (
			);
			dependencies = (
				3C13AD801DAB8A9300A57920 /* PBXTargetDependency */,
			);
			name = presentTests;
			productName = presentTests;
			productReference = 3C13AD7E1DAB8A9300A57920 /* presentTests.xctest */;
			productType = "com.apple.product-type.bundle.unit-test";
		};
		3C13AD881DAB8A9400A57920 /* presentUITests */ = {
			isa = PBXNativeTarget;
			buildConfigurationList = 3C13AD981DAB8A9400A57920 /* Build configuration list for PBXNativeTarget "presentUITests" */;
			buildPhases = (
				3C13AD851DAB8A9400A57920 /* Sources */,
				3C13AD861DAB8A9400A57920 /* Frameworks */,
				3C13AD871DAB8A9400A57920 /* Resources */,
			);
			buildRules = (
			);
			dependencies = (
				3C13AD8B1DAB8A9400A57920 /* PBXTargetDependency */,
			);
			name = presentUITests;
			productName = presentUITests;
			productReference = 3C13AD891DAB8A9400A57920 /* presentUITests.xctest */;
			productType = "com.apple.product-type.bundle.ui-testing";
		};
/* End PBXNativeTarget section */

/* Begin PBXProject section */
		3C13AD5D1DAB8A9200A57920 /* Project object */ = {
			isa = PBXProject;
			attributes = {
				LastUpgradeCheck = 0730;
				ORGANIZATIONNAME = "张永强";
				TargetAttributes = {
					3C13AD641DAB8A9300A57920 = {
						CreatedOnToolsVersion = 7.3.1;
					};
					3C13AD7D1DAB8A9300A57920 = {
						CreatedOnToolsVersion = 7.3.1;
						TestTargetID = 3C13AD641DAB8A9300A57920;
					};
					3C13AD881DAB8A9400A57920 = {
						CreatedOnToolsVersion = 7.3.1;
						TestTargetID = 3C13AD641DAB8A9300A57920;
					};
				};
			};
			buildConfigurationList = 3C13AD601DAB8A9200A57920 /* Build configuration list for PBXProject "present" */;
			compatibilityVersion = "Xcode 3.2";
			developmentRegion = English;
			hasScannedForEncodings = 0;
			knownRegions = (
				en,
				Base,
			);
			mainGroup = 3C13AD5C1DAB8A9200A57920;
			productRefGroup = 3C13AD661DAB8A9300A57920 /* Products */;
			projectDirPath = "";
			projectRoot = "";
			targets = (
				3C13AD641DAB8A9300A57920 /* present */,
				3C13AD7D1DAB8A9300A57920 /* presentTests */,
				3C13AD881DAB8A9400A57920 /* presentUITests */,
			);
		};
/* End PBXProject section */

/* Begin PBXResourcesBuildPhase section */
		3C13AD631DAB8A9300A57920 /* Resources */ = {
			isa = PBXResourcesBuildPhase;
			buildActionMask = 2147483647;
			files = (
				3C13AD781DAB8A9300A57920 /* LaunchScreen.storyboard in Resources */,
				3C13AD751DAB8A9300A57920 /* Assets.xcassets in Resources */,
				3C13AD731DAB8A9300A57920 /* Main.storyboard in Resources */,
			);
			runOnlyForDeploymentPostprocessing = 0;
		};
		3C13AD7C1DAB8A9300A57920 /* Resources */ = {
			isa = PBXResourcesBuildPhase;
			buildActionMask = 2147483647;
			files = (
			);
			runOnlyForDeploymentPostprocessing = 0;
		};
		3C13AD871DAB8A9400A57920 /* Resources */ = {
			isa = PBXResourcesBuildPhase;
			buildActionMask = 2147483647;
			files = (
			);
			runOnlyForDeploymentPostprocessing = 0;
		};
/* End PBXResourcesBuildPhase section */

/* Begin PBXSourcesBuildPhase section */
		3C13AD611DAB8A9300A57920 /* Sources */ = {
			isa = PBXSourcesBuildPhase;
			buildActionMask = 2147483647;
			files = (
				3C13AD701DAB8A9300A57920 /* ViewController.m in Sources */,
				3C13AD6D1DAB8A9300A57920 /* AppDelegate.m in Sources */,
				3C13AD9D1DAB8B1900A57920 /* MyViewController.m in Sources */,
				3C13AD6A1DAB8A9300A57920 /* main.m in Sources */,
			);
			runOnlyForDeploymentPostprocessing = 0;
		};
		3C13AD7A1DAB8A9300A57920 /* Sources */ = {
			isa = PBXSourcesBuildPhase;
			buildActionMask = 2147483647;
			files = (
				3C13AD831DAB8A9300A57920 /* presentTests.m in Sources */,
			);
			runOnlyForDeploymentPostprocessing = 0;
		};
		3C13AD851DAB8A9400A57920 /* Sources */ = {
			isa = PBXSourcesBuildPhase;
			buildActionMask = 2147483647;
			files = (
				3C13AD8E1DAB8A9400A57920 /* presentUITests.m in Sources */,
			);
			runOnlyForDeploymentPostprocessing = 0;
		};
/* End PBXSourcesBuildPhase section */

/* Begin PBXTargetDependency section */
		3C13AD801DAB8A9300A57920 /* PBXTargetDependency */ = {
			isa = PBXTargetDependency;
			target = 3C13AD641DAB8A9300A57920 /* present */;
			targetProxy = 3C13AD7F1DAB8A9300A57920 /* PBXContainerItemProxy */;
		};
		3C13AD8B1DAB8A9400A57920 /* PBXTargetDependency */ = {
			isa = PBXTargetDependency;
			target = 3C13AD641DAB8A9300A57920 /* present */;
			targetProxy = 3C13AD8A1DAB8A9400A57920 /* PBXContainerItemProxy */;
		};
/* End PBXTargetDependency section */

/* Begin PBXVariantGroup section */
		3C13AD711DAB8A9300A57920 /* Main.storyboard */ = {
			isa = PBXVariantGroup;
			children = (
				3C13AD721DAB8A9300A57920 /* Base */,
			);
			name = Main.storyboard;
			sourceTree = "<group>";
		};
		3C13AD761DAB8A9300A57920 /* LaunchScreen.storyboard */ = {
			isa = PBXVariantGroup;
			children = (
				3C13AD771DAB8A9300A57920 /* Base */,
			);
			name = LaunchScreen.storyboard;
			sourceTree = "<group>";
		};
/* End PBXVariantGroup section */

/* Begin XCBuildConfiguration section */
		3C13AD901DAB8A9400A57920 /* Debug */ = {
			isa = XCBuildConfiguration;
			buildSettings = {
				ALWAYS_SEARCH_USER_PATHS = NO;
				CLANG_ANALYZER_NONNULL = YES;
				CLANG_CXX_LANGUAGE_STANDARD = "gnu++0x";
				CLANG_CXX_LIBRARY = "libc++";
				CLANG_ENABLE_MODULES = YES;
				CLANG_ENABLE_OBJC_ARC = YES;
				CLANG_WARN_BOOL_CONVERSION = YES;
				CLANG_WARN_CONSTANT_CONVERSION = YES;
				CLANG_WARN_DIRECT_OBJC_ISA_USAGE = YES_ERROR;
				CLANG_WARN_EMPTY_BODY = YES;
				CLANG_WARN_ENUM_CONVERSION = YES;
				CLANG_WARN_INT_CONVERSION = YES;
				CLANG_WARN_OBJC_ROOT_CLASS = YES_ERROR;
				CLANG_WARN_UNREACHABLE_CODE = YES;
				CLANG_WARN__DUPLICATE_METHOD_MATCH = YES;
				"CODE_SIGN_IDENTITY[sdk=iphoneos*]" = "iPhone Developer";
				COPY_PHASE_STRIP = NO;
				DEBUG_INFORMATION_FORMAT = dwarf;
				ENABLE_STRICT_OBJC_MSGSEND = YES;
				ENABLE_TESTABILITY = YES;
				GCC_C_LANGUAGE_STANDARD = gnu99;
				GCC_DYNAMIC_NO_PIC = NO;
				GCC_NO_COMMON_BLOCKS = YES;
				GCC_OPTIMIZATION_LEVEL = 0;
				GCC_PREPROCESSOR_DEFINITIONS = (
					"DEBUG=1",
					"$(inherited)",
				);
				GCC_WARN_64_TO_32_BIT_CONVERSION = YES;
				GCC_WARN_ABOUT_RETURN_TYPE = YES_ERROR;
				GCC_WARN_UNDECLARED_SELECTOR = YES;
				GCC_WARN_UNINITIALIZED_AUTOS = YES_AGGRESSIVE;
				GCC_WARN_UNUSED_FUNCTION = YES;
				GCC_WARN_UNUSED_VARIABLE = YES;
				IPHONEOS_DEPLOYMENT_TARGET = 9.3;
				MTL_ENABLE_DEBUG_INFO = YES;
				ONLY_ACTIVE_ARCH = YES;
				SDKROOT = iphoneos;
				TARGETED_DEVICE_FAMILY = "1,2";
			};
			name = Debug;
		};
		3C13AD911DAB8A9400A57920 /* Release */ = {
			isa = XCBuildConfiguration;
			buildSettings = {
				ALWAYS_SEARCH_USER_PATHS = NO;
				CLANG_ANALYZER_NONNULL = YES;
				CLANG_CXX_LANGUAGE_STANDARD = "gnu++0x";
				CLANG_CXX_LIBRARY = "libc++";
				CLANG_ENABLE_MODULES = YES;
				CLANG_ENABLE_OBJC_ARC = YES;
				CLANG_WARN_BOOL_CONVERSION = YES;
				CLANG_WARN_CONSTANT_CONVERSION = YES;
				CLANG_WARN_DIRECT_OBJC_ISA_USAGE = YES_ERROR;
				CLANG_WARN_EMPTY_BODY = YES;
				CLANG_WARN_ENUM_CONVERSION = YES;
				CLANG_WARN_INT_CONVERSION = YES;
				CLANG_WARN_OBJC_ROOT_CLASS = YES_ERROR;
				CLANG_WARN_UNREACHABLE_CODE = YES;
				CLANG_WARN__DUPLICATE_METHOD_MATCH = YES;
				"CODE_SIGN_IDENTITY[sdk=iphoneos*]" = "iPhone Developer";
				COPY_PHASE_STRIP = NO;
				DEBUG_INFORMATION_FORMAT = "dwarf-with-dsym";
				ENABLE_NS_ASSERTIONS = NO;
				ENABLE_STRICT_OBJC_MSGSEND = YES;
				GCC_C_LANGUAGE_STANDARD = gnu99;
				GCC_NO_COMMON_BLOCKS = YES;
				GCC_WARN_64_TO_32_BIT_CONVERSION = YES;
				GCC_WARN_ABOUT_RETURN_TYPE = YES_ERROR;
				GCC_WARN_UNDECLARED_SELECTOR = YES;
				GCC_WARN_UNINITIALIZED_AUTOS = YES_AGGRESSIVE;
				GCC_WARN_UNUSED_FUNCTION = YES;
				GCC_WARN_UNUSED_VARIABLE = YES;
				IPHONEOS_DEPLOYMENT_TARGET = 9.3;
				MTL_ENABLE_DEBUG_INFO = NO;
				SDKROOT = iphoneos;
				TARGETED_DEVICE_FAMILY = "1,2";
				VALIDATE_PRODUCT = YES;
			};
			name = Release;
		};
		3C13AD931DAB8A9400A57920 /* Debug */ = {
			isa = XCBuildConfiguration;
			buildSettings = {
				ASSETCATALOG_COMPILER_APPICON_NAME = AppIcon;
				INFOPLIST_FILE = present/Info.plist;
				LD_RUNPATH_SEARCH_PATHS = "$(inherited) @executable_path/Frameworks";
				PRODUCT_BUNDLE_IDENTIFIER = www.zhangyq.com.present;
				PRODUCT_NAME = "$(TARGET_NAME)";
			};
			name = Debug;
		};
		3C13AD941DAB8A9400A57920 /* Release */ = {
			isa = XCBuildConfiguration;
			buildSettings = {
				ASSETCATALOG_COMPILER_APPICON_NAME = AppIcon;
				INFOPLIST_FILE = present/Info.plist;
				LD_RUNPATH_SEARCH_PATHS = "$(inherited) @executable_path/Frameworks";
				PRODUCT_BUNDLE_IDENTIFIER = www.zhangyq.com.present;
				PRODUCT_NAME = "$(TARGET_NAME)";
			};
			name = Release;
		};
		3C13AD961DAB8A9400A57920 /* Debug */ = {
			isa = XCBuildConfiguration;
			buildSettings = {
				BUNDLE_LOADER = "$(TEST_HOST)";
				INFOPLIST_FILE = presentTests/Info.plist;
				LD_RUNPATH_SEARCH_PATHS = "$(inherited) @executable_path/Frameworks @loader_path/Frameworks";
				PRODUCT_BUNDLE_IDENTIFIER = www.zhangyq.com.presentTests;
				PRODUCT_NAME = "$(TARGET_NAME)";
				TEST_HOST = "$(BUILT_PRODUCTS_DIR)/present.app/present";
			};
			name = Debug;
		};
		3C13AD971DAB8A9400A57920 /* Release */ = {
			isa = XCBuildConfiguration;
			buildSettings = {
				BUNDLE_LOADER = "$(TEST_HOST)";
				INFOPLIST_FILE = presentTests/Info.plist;
				LD_RUNPATH_SEARCH_PATHS = "$(inherited) @executable_path/Frameworks @loader_path/Frameworks";
				PRODUCT_BUNDLE_IDENTIFIER = www.zhangyq.com.presentTests;
				PRODUCT_NAME = "$(TARGET_NAME)";
				TEST_HOST = "$(BUILT_PRODUCTS_DIR)/present.app/present";
			};
			name = Release;
		};
		3C13AD991DAB8A9400A57920 /* Debug */ = {
			isa = XCBuildConfiguration;
			buildSettings = {
				INFOPLIST_FILE = presentUITests/Info.plist;
				LD_RUNPATH_SEARCH_PATHS = "$(inherited) @executable_path/Frameworks @loader_path/Frameworks";
				PRODUCT_BUNDLE_IDENTIFIER = www.zhangyq.com.presentUITests;
				PRODUCT_NAME = "$(TARGET_NAME)";
				TEST_TARGET_NAME = present;
			};
			name = Debug;
		};
		3C13AD9A1DAB8A9400A57920 /* Release */ = {
			isa = XCBuildConfiguration;
			buildSettings = {
				INFOPLIST_FILE = presentUITests/Info.plist;
				LD_RUNPATH_SEARCH_PATHS = "$(inherited) @executable_path/Frameworks @loader_path/Frameworks";
				PRODUCT_BUNDLE_IDENTIFIER = www.zhangyq.com.presentUITests;
				PRODUCT_NAME = "$(TARGET_NAME)";
				TEST_TARGET_NAME = present;
			};
			name = Release;
		};
/* End XCBuildConfiguration section */

/* Begin XCConfigurationList section */
		3C13AD601DAB8A9200A57920 /* Build configuration list for PBXProject "present" */ = {
			isa = XCConfigurationList;
			buildConfigurations = (
				3C13AD901DAB8A9400A57920 /* Debug */,
				3C13AD911DAB8A9400A57920 /* Release */,
			);
			defaultConfigurationIsVisible = 0;
			defaultConfigurationName = Release;
		};
		3C13AD921DAB8A9400A57920 /* Build configuration list for PBXNativeTarget "present" */ = {
			isa = XCConfigurationList;
			buildConfigurations = (
				3C13AD931DAB8A9400A57920 /* Debug */,
				3C13AD941DAB8A9400A57920 /* Release */,
			);
			defaultConfigurationIsVisible = 0;
		};
		3C13AD951DAB8A9400A57920 /* Build configuration list for PBXNativeTarget "presentTests" */ = {
			isa = XCConfigurationList;
			buildConfigurations = (
				3C13AD961DAB8A9400A57920 /* Debug */,
				3C13AD971DAB8A9400A57920 /* Release */,
			);
			defaultConfigurationIsVisible = 0;
		};
		3C13AD981DAB8A9400A57920 /* Build configuration list for PBXNativeTarget "presentUITests" */ = {
			isa = XCConfigurationList;
			buildConfigurations = (
				3C13AD991DAB8A9400A57920 /* Debug */,
				3C13AD9A1DAB8A9400A57920 /* Release */,
			);
			defaultConfigurationIsVisible = 0;
		};
/* End XCConfigurationList section */
	};
	rootObject = 3C13AD5D1DAB8A9200A57920 /* Project object */;
}
